{
  "name": "pareto-core-serializer",
  "version": "0.1.0",
  "lockfileVersion": 3,
  "requires": true,
  "packages": {
    "": {
      "name": "pareto-core-serializer",
      "version": "0.1.0",
      "license": "ISC",
      "dependencies": {
        "pareto-core-internals": "^0.24.4"
      }
    },
    "node_modules/pareto-core-interface": {
      "version": "0.1.0",
      "resolved": "https://registry.npmjs.org/pareto-core-interface/-/pareto-core-interface-0.1.0.tgz",
      "integrity": "sha512-To4y67ZoLVvfUMymHRHI0PTSSZ/D2qR+AOogfstaW5GGO+rBkW2hdCbq+2VEr7G3AbHZXAzdeA+ZbaBiDpJE2A==",
      "license": "Apache-2.0"
    },
    "node_modules/pareto-core-internals": {
      "version": "0.24.4",
      "resolved": "https://registry.npmjs.org/pareto-core-internals/-/pareto-core-internals-0.24.4.tgz",
      "integrity": "sha512-kVvF8v/kZ8f05boHbaFJ6/9+Xu14UMSQgZJ7LB3NNwqGaAqkszheARk0EIpe5Y/SBNQU66yrTkuoL04wXdWkIQ==",
      "license": "ISC",
      "dependencies": {
        "pareto-core-interface": "^0.1.0"
      }
    }
  }
}
